
Microsoft Visual Studio Solution File, Format Version 12.00
# Visual Studio Version 17
VisualStudioVersion = 17.0.31903.59
MinimumVisualStudioVersion = 10.0.40219.1
Project("{FAE04EC0-301F-11D3-BF4B-00C04F79EFBC}") = "DerekNotifications", "DerekNotifications\DerekNotifications.csproj", "{75F2553A-B0F4-46D9-971D-5186AC145748}"
EndProject
Project("{FAE04EC0-301F-11D3-BF4B-00C04F79EFBC}") = "DerekNotifications.Tests", "DerekNotifications.Tests\DerekNotifications.Tests.csproj", "{65111FA8-3399-4F73-9445-A31C77B676DA}"
EndProject
Global
	GlobalSection(SolutionConfigurationPlatforms) = preSolution
		Debug|Any CPU = Debug|Any CPU
		Release|Any CPU = Release|Any CPU
	EndGlobalSection
	GlobalSection(SolutionProperties) = preSolution
		HideSolutionNode = FALSE
	EndGlobalSection
	GlobalSection(ProjectConfigurationPlatforms) = postSolution
		{75F2553A-B0F4-46D9-971D-5186AC145748}.Debug|Any CPU.ActiveCfg = Debug|Any CPU
		{75F2553A-B0F4-46D9-971D-5186AC145748}.Debug|Any CPU.Build.0 = Debug|Any CPU
		{75F2553A-B0F4-46D9-971D-5186AC145748}.Release|Any CPU.ActiveCfg = Release|Any CPU
		{75F2553A-B0F4-46D9-971D-5186AC145748}.Release|Any CPU.Build.0 = Release|Any CPU
		{65111FA8-3399-4F73-9445-A31C77B676DA}.Debug|Any CPU.ActiveCfg = Debug|Any CPU
		{65111FA8-3399-4F73-9445-A31C77B676DA}.Debug|Any CPU.Build.0 = Debug|Any CPU
		{65111FA8-3399-4F73-9445-A31C77B676DA}.Release|Any CPU.ActiveCfg = Release|Any CPU
		{65111FA8-3399-4F73-9445-A31C77B676DA}.Release|Any CPU.Build.0 = Release|Any CPU
	EndGlobalSection
EndGlobal
